
Microsoft Visual Studio Solution File, Format Version 12.00
Project("{2150E333-8FDC-42A3-9474-1A3956D46DE8}") = "1-overview", "1-overview", "{E1358709-2EBD-4E55-B1CA-E70A37A0D3F9}"
EndProject
Project("{FAE04EC0-301F-11D3-BF4B-00C04F79EFBC}") = "BaseSample", "1-overview\BaseSample\BaseSample.csproj", "{10AE8A98-7D7B-4913-BBCD-97A60E7082DB}"
EndProject
Project("{FAE04EC0-301F-11D3-BF4B-00C04F79EFBC}") = "BaseSample.Tests", "1-overview\BaseSample.Tests\BaseSample.Tests.csproj", "{302B8423-3B77-453B-89B0-EF43FBA97683}"
EndProject
Project("{2150E333-8FDC-42A3-9474-1A3956D46DE8}") = "2-refactoring-and-tdd", "2-refactoring-and-tdd", "{B0BF7FB6-312D-497B-A087-7A0382D213EB}"
EndProject
Project("{2150E333-8FDC-42A3-9474-1A3956D46DE8}") = "3-dependency-handling", "3-dependency-handling", "{F0D451B4-0EA0-42C4-B045-44FBA3DAA3BE}"
EndProject
Project("{FAE04EC0-301F-11D3-BF4B-00C04F79EFBC}") = "ALibrary", "3-dependency-handling\ALibrary\ALibrary.csproj", "{8A64F90D-92A6-493D-873B-C8F12C5CA08E}"
EndProject
Project("{FAE04EC0-301F-11D3-BF4B-00C04F79EFBC}") = "ALibrary.Tests", "3-dependency-handling\ALibrary.Tests\ALibrary.Tests.csproj", "{F4538E34-0D41-45D6-8603-D14676E79CD1}"
EndProject
Project("{2150E333-8FDC-42A3-9474-1A3956D46DE8}") = "4-under-the-hood", "4-under-the-hood", "{9B9BCBE0-23E7-429D-81B7-27B52C95CC69}"
	ProjectSection(SolutionItems) = preProject
		4-under-the-hood\run-with-shell.ps1 = 4-under-the-hood\run-with-shell.ps1
	EndProjectSection
EndProject
Project("{FAE04EC0-301F-11D3-BF4B-00C04F79EFBC}") = "FizzBuzz", "2-refactoring-and-tdd\FizzBuzz\FizzBuzz.csproj", "{B26E5417-A350-44EA-9269-7F08B4E448C0}"
EndProject
Project("{FAE04EC0-301F-11D3-BF4B-00C04F79EFBC}") = "FizzBuzz.Tests", "2-refactoring-and-tdd\FizzBuzz.Tests\FizzBuzz.Tests.csproj", "{4D40EE0D-4F4B-4296-ADE8-54FAE0F13D66}"
EndProject
Project("{2150E333-8FDC-42A3-9474-1A3956D46DE8}") = "2b-tdd", "2b-tdd", "{F6ADCFB4-0D28-4905-986A-C86478375E4D}"
EndProject
Project("{2150E333-8FDC-42A3-9474-1A3956D46DE8}") = "2a-refactoring", "2a-refactoring", "{FFBBF9CC-BCB4-43FC-8AA1-207AE7549AF2}"
EndProject
Project("{FAE04EC0-301F-11D3-BF4B-00C04F79EFBC}") = "SomeApi", "2-refactoring-and-tdd\SomeApi\SomeApi.csproj", "{6C923EA2-6877-4B70-B4D9-92063B5D434F}"
EndProject
Project("{FAE04EC0-301F-11D3-BF4B-00C04F79EFBC}") = "SomeApi.Tests", "2-refactoring-and-tdd\SomeApi.Tests\SomeApi.Tests.csproj", "{8FAC6E2A-A7EA-4F9C-B969-B2AC7BE6C3BB}"
EndProject
Global
	GlobalSection(SolutionConfigurationPlatforms) = preSolution
		Debug|Any CPU = Debug|Any CPU
		Release|Any CPU = Release|Any CPU
	EndGlobalSection
	GlobalSection(ProjectConfigurationPlatforms) = postSolution
		{10AE8A98-7D7B-4913-BBCD-97A60E7082DB}.Debug|Any CPU.ActiveCfg = Debug|Any CPU
		{10AE8A98-7D7B-4913-BBCD-97A60E7082DB}.Debug|Any CPU.Build.0 = Debug|Any CPU
		{10AE8A98-7D7B-4913-BBCD-97A60E7082DB}.Release|Any CPU.ActiveCfg = Release|Any CPU
		{10AE8A98-7D7B-4913-BBCD-97A60E7082DB}.Release|Any CPU.Build.0 = Release|Any CPU
		{302B8423-3B77-453B-89B0-EF43FBA97683}.Debug|Any CPU.ActiveCfg = Debug|Any CPU
		{302B8423-3B77-453B-89B0-EF43FBA97683}.Debug|Any CPU.Build.0 = Debug|Any CPU
		{302B8423-3B77-453B-89B0-EF43FBA97683}.Release|Any CPU.ActiveCfg = Release|Any CPU
		{302B8423-3B77-453B-89B0-EF43FBA97683}.Release|Any CPU.Build.0 = Release|Any CPU
		{8A64F90D-92A6-493D-873B-C8F12C5CA08E}.Debug|Any CPU.ActiveCfg = Debug|Any CPU
		{8A64F90D-92A6-493D-873B-C8F12C5CA08E}.Debug|Any CPU.Build.0 = Debug|Any CPU
		{8A64F90D-92A6-493D-873B-C8F12C5CA08E}.Release|Any CPU.ActiveCfg = Release|Any CPU
		{8A64F90D-92A6-493D-873B-C8F12C5CA08E}.Release|Any CPU.Build.0 = Release|Any CPU
		{F4538E34-0D41-45D6-8603-D14676E79CD1}.Debug|Any CPU.ActiveCfg = Debug|Any CPU
		{F4538E34-0D41-45D6-8603-D14676E79CD1}.Debug|Any CPU.Build.0 = Debug|Any CPU
		{F4538E34-0D41-45D6-8603-D14676E79CD1}.Release|Any CPU.ActiveCfg = Release|Any CPU
		{F4538E34-0D41-45D6-8603-D14676E79CD1}.Release|Any CPU.Build.0 = Release|Any CPU
		{B26E5417-A350-44EA-9269-7F08B4E448C0}.Debug|Any CPU.ActiveCfg = Debug|Any CPU
		{B26E5417-A350-44EA-9269-7F08B4E448C0}.Debug|Any CPU.Build.0 = Debug|Any CPU
		{B26E5417-A350-44EA-9269-7F08B4E448C0}.Release|Any CPU.ActiveCfg = Release|Any CPU
		{B26E5417-A350-44EA-9269-7F08B4E448C0}.Release|Any CPU.Build.0 = Release|Any CPU
		{4D40EE0D-4F4B-4296-ADE8-54FAE0F13D66}.Debug|Any CPU.ActiveCfg = Debug|Any CPU
		{4D40EE0D-4F4B-4296-ADE8-54FAE0F13D66}.Debug|Any CPU.Build.0 = Debug|Any CPU
		{4D40EE0D-4F4B-4296-ADE8-54FAE0F13D66}.Release|Any CPU.ActiveCfg = Release|Any CPU
		{4D40EE0D-4F4B-4296-ADE8-54FAE0F13D66}.Release|Any CPU.Build.0 = Release|Any CPU
		{6C923EA2-6877-4B70-B4D9-92063B5D434F}.Debug|Any CPU.ActiveCfg = Debug|Any CPU
		{6C923EA2-6877-4B70-B4D9-92063B5D434F}.Debug|Any CPU.Build.0 = Debug|Any CPU
		{6C923EA2-6877-4B70-B4D9-92063B5D434F}.Release|Any CPU.ActiveCfg = Release|Any CPU
		{6C923EA2-6877-4B70-B4D9-92063B5D434F}.Release|Any CPU.Build.0 = Release|Any CPU
		{8FAC6E2A-A7EA-4F9C-B969-B2AC7BE6C3BB}.Debug|Any CPU.ActiveCfg = Debug|Any CPU
		{8FAC6E2A-A7EA-4F9C-B969-B2AC7BE6C3BB}.Debug|Any CPU.Build.0 = Debug|Any CPU
		{8FAC6E2A-A7EA-4F9C-B969-B2AC7BE6C3BB}.Release|Any CPU.ActiveCfg = Release|Any CPU
		{8FAC6E2A-A7EA-4F9C-B969-B2AC7BE6C3BB}.Release|Any CPU.Build.0 = Release|Any CPU
	EndGlobalSection
	GlobalSection(NestedProjects) = preSolution
		{10AE8A98-7D7B-4913-BBCD-97A60E7082DB} = {E1358709-2EBD-4E55-B1CA-E70A37A0D3F9}
		{302B8423-3B77-453B-89B0-EF43FBA97683} = {E1358709-2EBD-4E55-B1CA-E70A37A0D3F9}
		{8A64F90D-92A6-493D-873B-C8F12C5CA08E} = {F0D451B4-0EA0-42C4-B045-44FBA3DAA3BE}
		{F4538E34-0D41-45D6-8603-D14676E79CD1} = {F0D451B4-0EA0-42C4-B045-44FBA3DAA3BE}
		{F6ADCFB4-0D28-4905-986A-C86478375E4D} = {B0BF7FB6-312D-497B-A087-7A0382D213EB}
		{B26E5417-A350-44EA-9269-7F08B4E448C0} = {F6ADCFB4-0D28-4905-986A-C86478375E4D}
		{4D40EE0D-4F4B-4296-ADE8-54FAE0F13D66} = {F6ADCFB4-0D28-4905-986A-C86478375E4D}
		{FFBBF9CC-BCB4-43FC-8AA1-207AE7549AF2} = {B0BF7FB6-312D-497B-A087-7A0382D213EB}
		{6C923EA2-6877-4B70-B4D9-92063B5D434F} = {FFBBF9CC-BCB4-43FC-8AA1-207AE7549AF2}
		{8FAC6E2A-A7EA-4F9C-B969-B2AC7BE6C3BB} = {FFBBF9CC-BCB4-43FC-8AA1-207AE7549AF2}
	EndGlobalSection
EndGlobal
