
Microsoft Visual Studio Solution File, Format Version 12.00
Project("{2150E333-8FDC-42A3-9474-1A3956D46DE8}") = "1-overview", "1-overview", "{E1358709-2EBD-4E55-B1CA-E70A37A0D3F9}"
EndProject
Project("{FAE04EC0-301F-11D3-BF4B-00C04F79EFBC}") = "BaseSample", "1-overview\BaseSample\BaseSample.csproj", "{10AE8A98-7D7B-4913-BBCD-97A60E7082DB}"
EndProject
Project("{FAE04EC0-301F-11D3-BF4B-00C04F79EFBC}") = "BaseSample.Tests", "1-overview\BaseSample.Tests\BaseSample.Tests.csproj", "{302B8423-3B77-453B-89B0-EF43FBA97683}"
EndProject
Project("{2150E333-8FDC-42A3-9474-1A3956D46DE8}") = "2-tdd", "2-tdd", "{B0BF7FB6-312D-497B-A087-7A0382D213EB}"
EndProject
Project("{FAE04EC0-301F-11D3-BF4B-00C04F79EFBC}") = "FizzBuzz", "2-TDD\FizzBuzz\FizzBuzz.csproj", "{A95DCD48-E197-4827-A650-04E1F24518AF}"
EndProject
Project("{FAE04EC0-301F-11D3-BF4B-00C04F79EFBC}") = "FizzBuzz.Tests", "2-TDD\FizzBuzz.Tests\FizzBuzz.Tests.csproj", "{18351163-1332-4078-8144-A400C866B866}"
EndProject
Project("{2150E333-8FDC-42A3-9474-1A3956D46DE8}") = "3-dependency-handling", "3-dependency-handling", "{F0D451B4-0EA0-42C4-B045-44FBA3DAA3BE}"
EndProject
Project("{FAE04EC0-301F-11D3-BF4B-00C04F79EFBC}") = "ALibrary", "3-dependency-handling\ALibrary\ALibrary.csproj", "{8A64F90D-92A6-493D-873B-C8F12C5CA08E}"
EndProject
Project("{FAE04EC0-301F-11D3-BF4B-00C04F79EFBC}") = "ALibrary.Tests", "3-dependency-handling\ALibrary.Tests\ALibrary.Tests.csproj", "{F4538E34-0D41-45D6-8603-D14676E79CD1}"
EndProject
Global
	GlobalSection(SolutionConfigurationPlatforms) = preSolution
		Debug|Any CPU = Debug|Any CPU
		Release|Any CPU = Release|Any CPU
	EndGlobalSection
	GlobalSection(ProjectConfigurationPlatforms) = postSolution
		{10AE8A98-7D7B-4913-BBCD-97A60E7082DB}.Debug|Any CPU.ActiveCfg = Debug|Any CPU
		{10AE8A98-7D7B-4913-BBCD-97A60E7082DB}.Debug|Any CPU.Build.0 = Debug|Any CPU
		{10AE8A98-7D7B-4913-BBCD-97A60E7082DB}.Release|Any CPU.ActiveCfg = Release|Any CPU
		{10AE8A98-7D7B-4913-BBCD-97A60E7082DB}.Release|Any CPU.Build.0 = Release|Any CPU
		{302B8423-3B77-453B-89B0-EF43FBA97683}.Debug|Any CPU.ActiveCfg = Debug|Any CPU
		{302B8423-3B77-453B-89B0-EF43FBA97683}.Debug|Any CPU.Build.0 = Debug|Any CPU
		{302B8423-3B77-453B-89B0-EF43FBA97683}.Release|Any CPU.ActiveCfg = Release|Any CPU
		{302B8423-3B77-453B-89B0-EF43FBA97683}.Release|Any CPU.Build.0 = Release|Any CPU
		{A95DCD48-E197-4827-A650-04E1F24518AF}.Debug|Any CPU.ActiveCfg = Debug|Any CPU
		{A95DCD48-E197-4827-A650-04E1F24518AF}.Debug|Any CPU.Build.0 = Debug|Any CPU
		{A95DCD48-E197-4827-A650-04E1F24518AF}.Release|Any CPU.ActiveCfg = Release|Any CPU
		{A95DCD48-E197-4827-A650-04E1F24518AF}.Release|Any CPU.Build.0 = Release|Any CPU
		{18351163-1332-4078-8144-A400C866B866}.Debug|Any CPU.ActiveCfg = Debug|Any CPU
		{18351163-1332-4078-8144-A400C866B866}.Debug|Any CPU.Build.0 = Debug|Any CPU
		{18351163-1332-4078-8144-A400C866B866}.Release|Any CPU.ActiveCfg = Release|Any CPU
		{18351163-1332-4078-8144-A400C866B866}.Release|Any CPU.Build.0 = Release|Any CPU
		{8A64F90D-92A6-493D-873B-C8F12C5CA08E}.Debug|Any CPU.ActiveCfg = Debug|Any CPU
		{8A64F90D-92A6-493D-873B-C8F12C5CA08E}.Debug|Any CPU.Build.0 = Debug|Any CPU
		{8A64F90D-92A6-493D-873B-C8F12C5CA08E}.Release|Any CPU.ActiveCfg = Release|Any CPU
		{8A64F90D-92A6-493D-873B-C8F12C5CA08E}.Release|Any CPU.Build.0 = Release|Any CPU
		{F4538E34-0D41-45D6-8603-D14676E79CD1}.Debug|Any CPU.ActiveCfg = Debug|Any CPU
		{F4538E34-0D41-45D6-8603-D14676E79CD1}.Debug|Any CPU.Build.0 = Debug|Any CPU
		{F4538E34-0D41-45D6-8603-D14676E79CD1}.Release|Any CPU.ActiveCfg = Release|Any CPU
		{F4538E34-0D41-45D6-8603-D14676E79CD1}.Release|Any CPU.Build.0 = Release|Any CPU
	EndGlobalSection
	GlobalSection(NestedProjects) = preSolution
		{10AE8A98-7D7B-4913-BBCD-97A60E7082DB} = {E1358709-2EBD-4E55-B1CA-E70A37A0D3F9}
		{302B8423-3B77-453B-89B0-EF43FBA97683} = {E1358709-2EBD-4E55-B1CA-E70A37A0D3F9}
		{A95DCD48-E197-4827-A650-04E1F24518AF} = {B0BF7FB6-312D-497B-A087-7A0382D213EB}
		{18351163-1332-4078-8144-A400C866B866} = {B0BF7FB6-312D-497B-A087-7A0382D213EB}
		{8A64F90D-92A6-493D-873B-C8F12C5CA08E} = {F0D451B4-0EA0-42C4-B045-44FBA3DAA3BE}
		{F4538E34-0D41-45D6-8603-D14676E79CD1} = {F0D451B4-0EA0-42C4-B045-44FBA3DAA3BE}
	EndGlobalSection
EndGlobal
